
Microsoft Visual Studio Solution File, Format Version 12.00
# Visual Studio 15
Project("{FAE04EC0-301F-11D3-BF4B-00C04F79EFBC}") = "Assembly-CSharp", "Assembly-CSharp.csproj", "{C1BE1189-01D5-19CB-0954-D5E060DAD04C}"
EndProject
Global
	GlobalSection(SolutionConfigurationPlatforms) = preSolution
		Debug|Any CPU = Debug|Any CPU
		Release|Any CPU = Release|Any CPU
	EndGlobalSection
	GlobalSection(ProjectConfigurationPlatforms) = postSolution
		{C1BE1189-01D5-19CB-0954-D5E060DAD04C}.Debug|Any CPU.ActiveCfg = Debug|Any CPU
		{C1BE1189-01D5-19CB-0954-D5E060DAD04C}.Debug|Any CPU.Build.0 = Debug|Any CPU
		{C1BE1189-01D5-19CB-0954-D5E060DAD04C}.Release|Any CPU.ActiveCfg = Release|Any CPU
		{C1BE1189-01D5-19CB-0954-D5E060DAD04C}.Release|Any CPU.Build.0 = Release|Any CPU
	EndGlobalSection
	GlobalSection(SolutionProperties) = preSolution
		HideSolutionNode = FALSE
	EndGlobalSection
EndGlobal
